
Microsoft Visual Studio Solution File, Format Version 12.00
# Visual Studio Version 17
VisualStudioVersion = 17.0.32126.317
MinimumVisualStudioVersion = 10.0.40219.1
Project("{FAE04EC0-301F-11D3-BF4B-00C04F79EFBC}") = "Shopping", "Shopping\Shopping.csproj", "{78D2BB1E-06EB-4C21-AD00-60DCEF4B6FE2}"
EndProject
Global
	GlobalSection(SolutionConfigurationPlatforms) = preSolution
		Debug|Any CPU = Debug|Any CPU
		Release|Any CPU = Release|Any CPU
	EndGlobalSection
	GlobalSection(ProjectConfigurationPlatforms) = postSolution
		{78D2BB1E-06EB-4C21-AD00-60DCEF4B6FE2}.Debug|Any CPU.ActiveCfg = Debug|Any CPU
		{78D2BB1E-06EB-4C21-AD00-60DCEF4B6FE2}.Debug|Any CPU.Build.0 = Debug|Any CPU
		{78D2BB1E-06EB-4C21-AD00-60DCEF4B6FE2}.Release|Any CPU.ActiveCfg = Release|Any CPU
		{78D2BB1E-06EB-4C21-AD00-60DCEF4B6FE2}.Release|Any CPU.Build.0 = Release|Any CPU
	EndGlobalSection
	GlobalSection(SolutionProperties) = preSolution
		HideSolutionNode = FALSE
	EndGlobalSection
	GlobalSection(ExtensibilityGlobals) = postSolution
		SolutionGuid = {6EA9322A-8EBE-414B-948B-1899C0A809DF}
	EndGlobalSection
EndGlobal
